# This file is automatically @generated by Cargo.
# It is not intended for manual editing.
[[package]]
name = "backtrace"
version = "0.3.45"
source = "registry+https://github.com/rust-lang/crates.io-index"
checksum = "ad235dabf00f36301792cfe82499880ba54c6486be094d1047b02bacb67c14e8"
dependencies = [
 "backtrace-sys",
 "cfg-if",
 "libc",
 "rustc-demangle",
]

[[package]]
name = "backtrace-sys"
version = "0.1.33"
source = "registry+https://github.com/rust-lang/crates.io-index"
checksum = "e17b52e737c40a7d75abca20b29a19a0eb7ba9fc72c5a72dd282a0a3c2c0dc35"
dependencies = [
 "cc",
 "libc",
]

[[package]]
name = "cc"
version = "1.0.50"
source = "registry+https://github.com/rust-lang/crates.io-index"
checksum = "95e28fa049fda1c330bcf9d723be7663a899c4679724b34c81e9f5a326aab8cd"

[[package]]
name = "cfg-if"
version = "0.1.10"
source = "registry+https://github.com/rust-lang/crates.io-index"
checksum = "4785bdd1c96b2a846b2bd7cc02e86b6b3dbf14e7e53446c4f54c92a361040822"

[[package]]
name = "hash-chain"
version = "0.2.5"
source = "registry+https://github.com/rust-lang/crates.io-index"
checksum = "07cef88ac0b3915a6439e1ad0d3be84ca4030b24a5e78ab9932913faad92ed14"

[[package]]
name = "libc"
version = "0.2.67"
source = "registry+https://github.com/rust-lang/crates.io-index"
checksum = "eb147597cdf94ed43ab7a9038716637d2d1bf2bc571da995d0028dec06bd3018"

[[package]]
name = "log"
version = "0.4.8"
source = "registry+https://github.com/rust-lang/crates.io-index"
checksum = "14b6052be84e6b71ab17edffc2eeabf5c2c3ae1fdb464aae35ac50c67a44e1f7"
dependencies = [
 "cfg-if",
]

[[package]]
name = "res-regex"
version = "0.1.0"
source = "registry+https://github.com/rust-lang/crates.io-index"
checksum = "aace64515fb4eeb473857e5b5e07294aab5faabf66b8571921cbd2c969ae2d8d"
dependencies = [
 "log",
 "unic-ucd-ident",
]

[[package]]
name = "resast"
version = "0.4.1"
source = "registry+https://github.com/rust-lang/crates.io-index"
checksum = "273826a2b71cf97b320906fa4db27ae82e90309d9f3f605dc556b9a7a59eddb5"

[[package]]
name = "ress"
version = "0.9.0"
source = "registry+https://github.com/rust-lang/crates.io-index"
checksum = "2e2584daf97e7a9ac6980ac81a0a04fb16666c0b0ac3681f7f445ecbc11140d6"
dependencies = [
 "log",
 "unic-ucd-ident",
]

[[package]]
name = "ressa"
version = "0.7.0"
source = "git+ssh://git@github.com/rusty-ecma/ressa.git#c02fc8aebe96a30888ec4bbef97eaa5bec0dc5d5"
dependencies = [
 "backtrace",
 "hash-chain",
 "log",
 "res-regex",
 "resast",
 "ress",
]

[[package]]
name = "rustc-demangle"
version = "0.1.16"
source = "registry+https://github.com/rust-lang/crates.io-index"
checksum = "4c691c0e608126e00913e33f0ccf3727d5fc84573623b8d65b2df340b5201783"

[[package]]
name = "tarpaulin_fails"
version = "0.1.0"
dependencies = [
 "ressa",
]

[[package]]
name = "unic-char-property"
version = "0.9.0"
source = "registry+https://github.com/rust-lang/crates.io-index"
checksum = "a8c57a407d9b6fa02b4795eb81c5b6652060a15a7903ea981f3d723e6c0be221"
dependencies = [
 "unic-char-range",
]

[[package]]
name = "unic-char-range"
version = "0.9.0"
source = "registry+https://github.com/rust-lang/crates.io-index"
checksum = "0398022d5f700414f6b899e10b8348231abf9173fa93144cbc1a43b9793c1fbc"

[[package]]
name = "unic-common"
version = "0.9.0"
source = "registry+https://github.com/rust-lang/crates.io-index"
checksum = "80d7ff825a6a654ee85a63e80f92f054f904f21e7d12da4e22f9834a4aaa35bc"

[[package]]
name = "unic-ucd-ident"
version = "0.9.0"
source = "registry+https://github.com/rust-lang/crates.io-index"
checksum = "e230a37c0381caa9219d67cf063aa3a375ffed5bf541a452db16e744bdab6987"
dependencies = [
 "unic-char-property",
 "unic-char-range",
 "unic-ucd-version",
]

[[package]]
name = "unic-ucd-version"
version = "0.9.0"
source = "registry+https://github.com/rust-lang/crates.io-index"
checksum = "96bd2f2237fe450fcd0a1d2f5f4e91711124f7857ba2e964247776ebeeb7b0c4"
dependencies = [
 "unic-common",
]
